
Microsoft Visual Studio Solution File, Format Version 12.00
# Visual Studio Version 16
VisualStudioVersion = 16.0.30717.126
MinimumVisualStudioVersion = 10.0.40219.1
Project("{FAE04EC0-301F-11D3-BF4B-00C04F79EFBC}") = "CapstoneProject", "CapstoneProject\CapstoneProject.csproj", "{279F935C-0961-4278-987F-FD6403A4B676}"
EndProject
Project("{FAE04EC0-301F-11D3-BF4B-00C04F79EFBC}") = "DataLibrary", "DataLibrary\DataLibrary.csproj", "{ADE81E31-DF83-49A1-B714-F48F02FF6579}"
EndProject
Project("{00D1A9C2-B5F0-4AF3-8072-F6C62B433612}") = "CapstoneProjectDB", "CapstoneProjectDB\CapstoneProjectDB.sqlproj", "{1C0A4AE8-4589-49A1-AE01-EF2755B613EA}"
EndProject
Global
	GlobalSection(SolutionConfigurationPlatforms) = preSolution
		Debug|Any CPU = Debug|Any CPU
		Release|Any CPU = Release|Any CPU
	EndGlobalSection
	GlobalSection(ProjectConfigurationPlatforms) = postSolution
		{279F935C-0961-4278-987F-FD6403A4B676}.Debug|Any CPU.ActiveCfg = Debug|Any CPU
		{279F935C-0961-4278-987F-FD6403A4B676}.Debug|Any CPU.Build.0 = Debug|Any CPU
		{279F935C-0961-4278-987F-FD6403A4B676}.Release|Any CPU.ActiveCfg = Release|Any CPU
		{279F935C-0961-4278-987F-FD6403A4B676}.Release|Any CPU.Build.0 = Release|Any CPU
		{ADE81E31-DF83-49A1-B714-F48F02FF6579}.Debug|Any CPU.ActiveCfg = Debug|Any CPU
		{ADE81E31-DF83-49A1-B714-F48F02FF6579}.Debug|Any CPU.Build.0 = Debug|Any CPU
		{ADE81E31-DF83-49A1-B714-F48F02FF6579}.Release|Any CPU.ActiveCfg = Release|Any CPU
		{ADE81E31-DF83-49A1-B714-F48F02FF6579}.Release|Any CPU.Build.0 = Release|Any CPU
		{1C0A4AE8-4589-49A1-AE01-EF2755B613EA}.Debug|Any CPU.ActiveCfg = Debug|Any CPU
		{1C0A4AE8-4589-49A1-AE01-EF2755B613EA}.Debug|Any CPU.Build.0 = Debug|Any CPU
		{1C0A4AE8-4589-49A1-AE01-EF2755B613EA}.Debug|Any CPU.Deploy.0 = Debug|Any CPU
		{1C0A4AE8-4589-49A1-AE01-EF2755B613EA}.Release|Any CPU.ActiveCfg = Release|Any CPU
		{1C0A4AE8-4589-49A1-AE01-EF2755B613EA}.Release|Any CPU.Build.0 = Release|Any CPU
		{1C0A4AE8-4589-49A1-AE01-EF2755B613EA}.Release|Any CPU.Deploy.0 = Release|Any CPU
	EndGlobalSection
	GlobalSection(SolutionProperties) = preSolution
		HideSolutionNode = FALSE
	EndGlobalSection
	GlobalSection(ExtensibilityGlobals) = postSolution
		SolutionGuid = {0DF5100B-829D-46F3-8CBE-7B64D7D98342}
	EndGlobalSection
EndGlobal
